// !$*UTF8*$!
{
	archiveVersion = 1;
	classes = {
	};
	objectVersion = 56;
	objects = {

/* Begin PBXBuildFile section */
		227BA1F029344FF6009694D9 /* fetch_voice_from_apple_synthesis_workflow.swift in Sources */ = {isa = PBXBuildFile; fileRef = 227BA1EF29344FF6009694D9 /* fetch_voice_from_apple_synthesis_workflow.swift */; };
		22870F6929334D3100688BF9 /* fetch_voice_from_azure_workflow.swift in Sources */ = {isa = PBXBuildFile; fileRef = 22870F6829334D3100688BF9 /* fetch_voice_from_azure_workflow.swift */; };
		228969C12932BF6E00E0AA51 /* Sentence_Content_UI.swift in Sources */ = {isa = PBXBuildFile; fileRef = 228969C02932BF6E00E0AA51 /* Sentence_Content_UI.swift */; };
		228969C52932C66600E0AA51 /* Language_Change_List_UI.swift in Sources */ = {isa = PBXBuildFile; fileRef = 228969C42932C66600E0AA51 /* Language_Change_List_UI.swift */; };
		228969C72932E1FF00E0AA51 /* Control_Buttons_UI.swift in Sources */ = {isa = PBXBuildFile; fileRef = 228969C62932E1FF00E0AA51 /* Control_Buttons_UI.swift */; };
		22C5F79B2932ADC700F96E78 /* Sentence_RepeaterApp.swift in Sources */ = {isa = PBXBuildFile; fileRef = 22C5F79A2932ADC700F96E78 /* Sentence_RepeaterApp.swift */; };
		22C5F79F2932ADCA00F96E78 /* Assets.xcassets in Resources */ = {isa = PBXBuildFile; fileRef = 22C5F79E2932ADCA00F96E78 /* Assets.xcassets */; };
		22C5F7A22932ADCA00F96E78 /* Preview Assets.xcassets in Resources */ = {isa = PBXBuildFile; fileRef = 22C5F7A12932ADCA00F96E78 /* Preview Assets.xcassets */; };
		22C5F7AC2932ADCA00F96E78 /* Sentence_RepeaterTests.swift in Sources */ = {isa = PBXBuildFile; fileRef = 22C5F7AB2932ADCA00F96E78 /* Sentence_RepeaterTests.swift */; };
		22C5F7B62932ADCA00F96E78 /* Sentence_RepeaterUITests.swift in Sources */ = {isa = PBXBuildFile; fileRef = 22C5F7B52932ADCA00F96E78 /* Sentence_RepeaterUITests.swift */; };
		22C5F7B82932ADCA00F96E78 /* Sentence_RepeaterUITestsLaunchTests.swift in Sources */ = {isa = PBXBuildFile; fileRef = 22C5F7B72932ADCA00F96E78 /* Sentence_RepeaterUITestsLaunchTests.swift */; };
		437676EDEADC35222A3A1AF5 /* Pods_Sentence_Repeater.framework in Frameworks */ = {isa = PBXBuildFile; fileRef = F91070CF603DABF21E9426F3 /* Pods_Sentence_Repeater.framework */; };
		7D92E9673AEB1292F204C81F /* Pods_Sentence_RepeaterTests.framework in Frameworks */ = {isa = PBXBuildFile; fileRef = 2AFDB7DEE5E6424B9D3C58AC /* Pods_Sentence_RepeaterTests.framework */; };
		ABB4F4C24B95F3F0B6BD8B5E /* Pods_Sentence_Repeater_Sentence_RepeaterUITests.framework in Frameworks */ = {isa = PBXBuildFile; fileRef = 5727791AA97202EF5364BB47 /* Pods_Sentence_Repeater_Sentence_RepeaterUITests.framework */; };
/* End PBXBuildFile section */

/* Begin PBXContainerItemProxy section */
		22C5F7A82932ADCA00F96E78 /* PBXContainerItemProxy */ = {
			isa = PBXContainerItemProxy;
			containerPortal = 22C5F78F2932ADC700F96E78 /* Project object */;
			proxyType = 1;
			remoteGlobalIDString = 22C5F7962932ADC700F96E78;
			remoteInfo = "Sentence Repeater";
		};
		22C5F7B22932ADCA00F96E78 /* PBXContainerItemProxy */ = {
			isa = PBXContainerItemProxy;
			containerPortal = 22C5F78F2932ADC700F96E78 /* Project object */;
			proxyType = 1;
			remoteGlobalIDString = 22C5F7962932ADC700F96E78;
			remoteInfo = "Sentence Repeater";
		};
/* End PBXContainerItemProxy section */

/* Begin PBXFileReference section */
		1BF48F7844068DD7208495B0 /* Pods-Sentence RepeaterTests.release.xcconfig */ = {isa = PBXFileReference; includeInIndex = 1; lastKnownFileType = text.xcconfig; name = "Pods-Sentence RepeaterTests.release.xcconfig"; path = "Target Support Files/Pods-Sentence RepeaterTests/Pods-Sentence RepeaterTests.release.xcconfig"; sourceTree = "<group>"; };
		1C341959F2FDE25D3BB91346 /* Pods-Sentence RepeaterTests.debug.xcconfig */ = {isa = PBXFileReference; includeInIndex = 1; lastKnownFileType = text.xcconfig; name = "Pods-Sentence RepeaterTests.debug.xcconfig"; path = "Target Support Files/Pods-Sentence RepeaterTests/Pods-Sentence RepeaterTests.debug.xcconfig"; sourceTree = "<group>"; };
		1E664407B2D2153069577125 /* Pods-Sentence Repeater-Sentence RepeaterUITests.debug.xcconfig */ = {isa = PBXFileReference; includeInIndex = 1; lastKnownFileType = text.xcconfig; name = "Pods-Sentence Repeater-Sentence RepeaterUITests.debug.xcconfig"; path = "Target Support Files/Pods-Sentence Repeater-Sentence RepeaterUITests/Pods-Sentence Repeater-Sentence RepeaterUITests.debug.xcconfig"; sourceTree = "<group>"; };
		227BA1EF29344FF6009694D9 /* fetch_voice_from_apple_synthesis_workflow.swift */ = {isa = PBXFileReference; lastKnownFileType = sourcecode.swift; path = fetch_voice_from_apple_synthesis_workflow.swift; sourceTree = "<group>"; };
		22870F6829334D3100688BF9 /* fetch_voice_from_azure_workflow.swift */ = {isa = PBXFileReference; lastKnownFileType = sourcecode.swift; path = fetch_voice_from_azure_workflow.swift; sourceTree = "<group>"; };
		228969C02932BF6E00E0AA51 /* Sentence_Content_UI.swift */ = {isa = PBXFileReference; lastKnownFileType = sourcecode.swift; path = Sentence_Content_UI.swift; sourceTree = "<group>"; };
		228969C42932C66600E0AA51 /* Language_Change_List_UI.swift */ = {isa = PBXFileReference; lastKnownFileType = sourcecode.swift; path = Language_Change_List_UI.swift; sourceTree = "<group>"; };
		228969C62932E1FF00E0AA51 /* Control_Buttons_UI.swift */ = {isa = PBXFileReference; lastKnownFileType = sourcecode.swift; path = Control_Buttons_UI.swift; sourceTree = "<group>"; };
		22C5F7972932ADC700F96E78 /* Sentence Repeater.app */ = {isa = PBXFileReference; explicitFileType = wrapper.application; includeInIndex = 0; path = "Sentence Repeater.app"; sourceTree = BUILT_PRODUCTS_DIR; };
		22C5F79A2932ADC700F96E78 /* Sentence_RepeaterApp.swift */ = {isa = PBXFileReference; lastKnownFileType = sourcecode.swift; path = Sentence_RepeaterApp.swift; sourceTree = "<group>"; };
		22C5F79E2932ADCA00F96E78 /* Assets.xcassets */ = {isa = PBXFileReference; lastKnownFileType = folder.assetcatalog; path = Assets.xcassets; sourceTree = "<group>"; };
		22C5F7A12932ADCA00F96E78 /* Preview Assets.xcassets */ = {isa = PBXFileReference; lastKnownFileType = folder.assetcatalog; path = "Preview Assets.xcassets"; sourceTree = "<group>"; };
		22C5F7A72932ADCA00F96E78 /* Sentence RepeaterTests.xctest */ = {isa = PBXFileReference; explicitFileType = wrapper.cfbundle; includeInIndex = 0; path = "Sentence RepeaterTests.xctest"; sourceTree = BUILT_PRODUCTS_DIR; };
		22C5F7AB2932ADCA00F96E78 /* Sentence_RepeaterTests.swift */ = {isa = PBXFileReference; lastKnownFileType = sourcecode.swift; path = Sentence_RepeaterTests.swift; sourceTree = "<group>"; };
		22C5F7B12932ADCA00F96E78 /* Sentence RepeaterUITests.xctest */ = {isa = PBXFileReference; explicitFileType = wrapper.cfbundle; includeInIndex = 0; path = "Sentence RepeaterUITests.xctest"; sourceTree = BUILT_PRODUCTS_DIR; };
		22C5F7B52932ADCA00F96E78 /* Sentence_RepeaterUITests.swift */ = {isa = PBXFileReference; lastKnownFileType = sourcecode.swift; path = Sentence_RepeaterUITests.swift; sourceTree = "<group>"; };
		22C5F7B72932ADCA00F96E78 /* Sentence_RepeaterUITestsLaunchTests.swift */ = {isa = PBXFileReference; lastKnownFileType = sourcecode.swift; path = Sentence_RepeaterUITestsLaunchTests.swift; sourceTree = "<group>"; };
		241128CADF21AC5A9903048E /* Pods-Sentence Repeater-Sentence RepeaterUITests.release.xcconfig */ = {isa = PBXFileReference; includeInIndex = 1; lastKnownFileType = text.xcconfig; name = "Pods-Sentence Repeater-Sentence RepeaterUITests.release.xcconfig"; path = "Target Support Files/Pods-Sentence Repeater-Sentence RepeaterUITests/Pods-Sentence Repeater-Sentence RepeaterUITests.release.xcconfig"; sourceTree = "<group>"; };
		2AFDB7DEE5E6424B9D3C58AC /* Pods_Sentence_RepeaterTests.framework */ = {isa = PBXFileReference; explicitFileType = wrapper.framework; includeInIndex = 0; path = Pods_Sentence_RepeaterTests.framework; sourceTree = BUILT_PRODUCTS_DIR; };
		51804696F39A59FDD82A8BA1 /* Pods-Sentence Repeater.release.xcconfig */ = {isa = PBXFileReference; includeInIndex = 1; lastKnownFileType = text.xcconfig; name = "Pods-Sentence Repeater.release.xcconfig"; path = "Target Support Files/Pods-Sentence Repeater/Pods-Sentence Repeater.release.xcconfig"; sourceTree = "<group>"; };
		5727791AA97202EF5364BB47 /* Pods_Sentence_Repeater_Sentence_RepeaterUITests.framework */ = {isa = PBXFileReference; explicitFileType = wrapper.framework; includeInIndex = 0; path = Pods_Sentence_Repeater_Sentence_RepeaterUITests.framework; sourceTree = BUILT_PRODUCTS_DIR; };
		E7BF94D50334678754A456E7 /* Pods-Sentence Repeater.debug.xcconfig */ = {isa = PBXFileReference; includeInIndex = 1; lastKnownFileType = text.xcconfig; name = "Pods-Sentence Repeater.debug.xcconfig"; path = "Target Support Files/Pods-Sentence Repeater/Pods-Sentence Repeater.debug.xcconfig"; sourceTree = "<group>"; };
		F91070CF603DABF21E9426F3 /* Pods_Sentence_Repeater.framework */ = {isa = PBXFileReference; explicitFileType = wrapper.framework; includeInIndex = 0; path = Pods_Sentence_Repeater.framework; sourceTree = BUILT_PRODUCTS_DIR; };
/* End PBXFileReference section */

/* Begin PBXFrameworksBuildPhase section */
		22C5F7942932ADC700F96E78 /* Frameworks */ = {
			isa = PBXFrameworksBuildPhase;
			buildActionMask = 2147483647;
			files = (
				437676EDEADC35222A3A1AF5 /* Pods_Sentence_Repeater.framework in Frameworks */,
			);
			runOnlyForDeploymentPostprocessing = 0;
		};
		22C5F7A42932ADCA00F96E78 /* Frameworks */ = {
			isa = PBXFrameworksBuildPhase;
			buildActionMask = 2147483647;
			files = (
				7D92E9673AEB1292F204C81F /* Pods_Sentence_RepeaterTests.framework in Frameworks */,
			);
			runOnlyForDeploymentPostprocessing = 0;
		};
		22C5F7AE2932ADCA00F96E78 /* Frameworks */ = {
			isa = PBXFrameworksBuildPhase;
			buildActionMask = 2147483647;
			files = (
				ABB4F4C24B95F3F0B6BD8B5E /* Pods_Sentence_Repeater_Sentence_RepeaterUITests.framework in Frameworks */,
			);
			runOnlyForDeploymentPostprocessing = 0;
		};
/* End PBXFrameworksBuildPhase section */

/* Begin PBXGroup section */
		22870F6729334D0400688BF9 /* Backend_logic */ = {
			isa = PBXGroup;
			children = (
				22870F6829334D3100688BF9 /* fetch_voice_from_azure_workflow.swift */,
				227BA1EF29344FF6009694D9 /* fetch_voice_from_apple_synthesis_workflow.swift */,
			);
			path = Backend_logic;
			sourceTree = "<group>";
		};
		228969C22932C61100E0AA51 /* UI */ = {
			isa = PBXGroup;
			children = (
				22C5F79A2932ADC700F96E78 /* Sentence_RepeaterApp.swift */,
				228969C32932C61F00E0AA51 /* components */,
			);
			path = UI;
			sourceTree = "<group>";
		};
		228969C32932C61F00E0AA51 /* components */ = {
			isa = PBXGroup;
			children = (
				228969C02932BF6E00E0AA51 /* Sentence_Content_UI.swift */,
				228969C42932C66600E0AA51 /* Language_Change_List_UI.swift */,
				228969C62932E1FF00E0AA51 /* Control_Buttons_UI.swift */,
			);
			path = components;
			sourceTree = "<group>";
		};
		22C5F78E2932ADC700F96E78 = {
			isa = PBXGroup;
			children = (
				22C5F7992932ADC700F96E78 /* Sentence Repeater */,
				22C5F7AA2932ADCA00F96E78 /* Sentence RepeaterTests */,
				22C5F7B42932ADCA00F96E78 /* Sentence RepeaterUITests */,
				22C5F7982932ADC700F96E78 /* Products */,
				755C342B24E6C299884C3B65 /* Pods */,
				B35022EA61E436102F147CEE /* Frameworks */,
			);
			sourceTree = "<group>";
		};
		22C5F7982932ADC700F96E78 /* Products */ = {
			isa = PBXGroup;
			children = (
				22C5F7972932ADC700F96E78 /* Sentence Repeater.app */,
				22C5F7A72932ADCA00F96E78 /* Sentence RepeaterTests.xctest */,
				22C5F7B12932ADCA00F96E78 /* Sentence RepeaterUITests.xctest */,
			);
			name = Products;
			sourceTree = "<group>";
		};
		22C5F7992932ADC700F96E78 /* Sentence Repeater */ = {
			isa = PBXGroup;
			children = (
				22870F6729334D0400688BF9 /* Backend_logic */,
				228969C22932C61100E0AA51 /* UI */,
				22C5F79E2932ADCA00F96E78 /* Assets.xcassets */,
				22C5F7A02932ADCA00F96E78 /* Preview Content */,
			);
			path = "Sentence Repeater";
			sourceTree = "<group>";
		};
		22C5F7A02932ADCA00F96E78 /* Preview Content */ = {
			isa = PBXGroup;
			children = (
				22C5F7A12932ADCA00F96E78 /* Preview Assets.xcassets */,
			);
			path = "Preview Content";
			sourceTree = "<group>";
		};
		22C5F7AA2932ADCA00F96E78 /* Sentence RepeaterTests */ = {
			isa = PBXGroup;
			children = (
				22C5F7AB2932ADCA00F96E78 /* Sentence_RepeaterTests.swift */,
			);
			path = "Sentence RepeaterTests";
			sourceTree = "<group>";
		};
		22C5F7B42932ADCA00F96E78 /* Sentence RepeaterUITests */ = {
			isa = PBXGroup;
			children = (
				22C5F7B52932ADCA00F96E78 /* Sentence_RepeaterUITests.swift */,
				22C5F7B72932ADCA00F96E78 /* Sentence_RepeaterUITestsLaunchTests.swift */,
			);
			path = "Sentence RepeaterUITests";
			sourceTree = "<group>";
		};
		755C342B24E6C299884C3B65 /* Pods */ = {
			isa = PBXGroup;
			children = (
				E7BF94D50334678754A456E7 /* Pods-Sentence Repeater.debug.xcconfig */,
				51804696F39A59FDD82A8BA1 /* Pods-Sentence Repeater.release.xcconfig */,
				1E664407B2D2153069577125 /* Pods-Sentence Repeater-Sentence RepeaterUITests.debug.xcconfig */,
				241128CADF21AC5A9903048E /* Pods-Sentence Repeater-Sentence RepeaterUITests.release.xcconfig */,
				1C341959F2FDE25D3BB91346 /* Pods-Sentence RepeaterTests.debug.xcconfig */,
				1BF48F7844068DD7208495B0 /* Pods-Sentence RepeaterTests.release.xcconfig */,
			);
			path = Pods;
			sourceTree = "<group>";
		};
		B35022EA61E436102F147CEE /* Frameworks */ = {
			isa = PBXGroup;
			children = (
				F91070CF603DABF21E9426F3 /* Pods_Sentence_Repeater.framework */,
				5727791AA97202EF5364BB47 /* Pods_Sentence_Repeater_Sentence_RepeaterUITests.framework */,
				2AFDB7DEE5E6424B9D3C58AC /* Pods_Sentence_RepeaterTests.framework */,
			);
			name = Frameworks;
			sourceTree = "<group>";
		};
/* End PBXGroup section */

/* Begin PBXNativeTarget section */
		22C5F7962932ADC700F96E78 /* Sentence Repeater */ = {
			isa = PBXNativeTarget;
			buildConfigurationList = 22C5F7BB2932ADCA00F96E78 /* Build configuration list for PBXNativeTarget "Sentence Repeater" */;
			buildPhases = (
				21AE98B560478D095DF1338C /* [CP] Check Pods Manifest.lock */,
				22C5F7932932ADC700F96E78 /* Sources */,
				22C5F7942932ADC700F96E78 /* Frameworks */,
				22C5F7952932ADC700F96E78 /* Resources */,
				A1AA59F2D0A85B6344C3C002 /* [CP] Embed Pods Frameworks */,
			);
			buildRules = (
			);
			dependencies = (
			);
			name = "Sentence Repeater";
			productName = "Sentence Repeater";
			productReference = 22C5F7972932ADC700F96E78 /* Sentence Repeater.app */;
			productType = "com.apple.product-type.application";
		};
		22C5F7A62932ADCA00F96E78 /* Sentence RepeaterTests */ = {
			isa = PBXNativeTarget;
			buildConfigurationList = 22C5F7BE2932ADCA00F96E78 /* Build configuration list for PBXNativeTarget "Sentence RepeaterTests" */;
			buildPhases = (
				8D8CCA50687B794F4F58876C /* [CP] Check Pods Manifest.lock */,
				22C5F7A32932ADCA00F96E78 /* Sources */,
				22C5F7A42932ADCA00F96E78 /* Frameworks */,
				22C5F7A52932ADCA00F96E78 /* Resources */,
			);
			buildRules = (
			);
			dependencies = (
				22C5F7A92932ADCA00F96E78 /* PBXTargetDependency */,
			);
			name = "Sentence RepeaterTests";
			productName = "Sentence RepeaterTests";
			productReference = 22C5F7A72932ADCA00F96E78 /* Sentence RepeaterTests.xctest */;
			productType = "com.apple.product-type.bundle.unit-test";
		};
		22C5F7B02932ADCA00F96E78 /* Sentence RepeaterUITests */ = {
			isa = PBXNativeTarget;
			buildConfigurationList = 22C5F7C12932ADCA00F96E78 /* Build configuration list for PBXNativeTarget "Sentence RepeaterUITests" */;
			buildPhases = (
				4ECBEA422155F40C6FF23900 /* [CP] Check Pods Manifest.lock */,
				22C5F7AD2932ADCA00F96E78 /* Sources */,
				22C5F7AE2932ADCA00F96E78 /* Frameworks */,
				22C5F7AF2932ADCA00F96E78 /* Resources */,
				7AF55757A0858F037AC54E73 /* [CP] Embed Pods Frameworks */,
			);
			buildRules = (
			);
			dependencies = (
				22C5F7B32932ADCA00F96E78 /* PBXTargetDependency */,
			);
			name = "Sentence RepeaterUITests";
			productName = "Sentence RepeaterUITests";
			productReference = 22C5F7B12932ADCA00F96E78 /* Sentence RepeaterUITests.xctest */;
			productType = "com.apple.product-type.bundle.ui-testing";
		};
/* End PBXNativeTarget section */

/* Begin PBXProject section */
		22C5F78F2932ADC700F96E78 /* Project object */ = {
			isa = PBXProject;
			attributes = {
				BuildIndependentTargetsInParallel = 1;
				LastSwiftUpdateCheck = 1410;
				LastUpgradeCheck = 1410;
				TargetAttributes = {
					22C5F7962932ADC700F96E78 = {
						CreatedOnToolsVersion = 14.1;
					};
					22C5F7A62932ADCA00F96E78 = {
						CreatedOnToolsVersion = 14.1;
						TestTargetID = 22C5F7962932ADC700F96E78;
					};
					22C5F7B02932ADCA00F96E78 = {
						CreatedOnToolsVersion = 14.1;
						TestTargetID = 22C5F7962932ADC700F96E78;
					};
				};
			};
			buildConfigurationList = 22C5F7922932ADC700F96E78 /* Build configuration list for PBXProject "Sentence Repeater" */;
			compatibilityVersion = "Xcode 14.0";
			developmentRegion = en;
			hasScannedForEncodings = 0;
			knownRegions = (
				en,
				Base,
			);
			mainGroup = 22C5F78E2932ADC700F96E78;
			productRefGroup = 22C5F7982932ADC700F96E78 /* Products */;
			projectDirPath = "";
			projectRoot = "";
			targets = (
				22C5F7962932ADC700F96E78 /* Sentence Repeater */,
				22C5F7A62932ADCA00F96E78 /* Sentence RepeaterTests */,
				22C5F7B02932ADCA00F96E78 /* Sentence RepeaterUITests */,
			);
		};
/* End PBXProject section */

/* Begin PBXResourcesBuildPhase section */
		22C5F7952932ADC700F96E78 /* Resources */ = {
			isa = PBXResourcesBuildPhase;
			buildActionMask = 2147483647;
			files = (
				22C5F7A22932ADCA00F96E78 /* Preview Assets.xcassets in Resources */,
				22C5F79F2932ADCA00F96E78 /* Assets.xcassets in Resources */,
			);
			runOnlyForDeploymentPostprocessing = 0;
		};
		22C5F7A52932ADCA00F96E78 /* Resources */ = {
			isa = PBXResourcesBuildPhase;
			buildActionMask = 2147483647;
			files = (
			);
			runOnlyForDeploymentPostprocessing = 0;
		};
		22C5F7AF2932ADCA00F96E78 /* Resources */ = {
			isa = PBXResourcesBuildPhase;
			buildActionMask = 2147483647;
			files = (
			);
			runOnlyForDeploymentPostprocessing = 0;
		};
/* End PBXResourcesBuildPhase section */

/* Begin PBXShellScriptBuildPhase section */
		21AE98B560478D095DF1338C /* [CP] Check Pods Manifest.lock */ = {
			isa = PBXShellScriptBuildPhase;
			buildActionMask = 2147483647;
			files = (
			);
			inputFileListPaths = (
			);
			inputPaths = (
				"${PODS_PODFILE_DIR_PATH}/Podfile.lock",
				"${PODS_ROOT}/Manifest.lock",
			);
			name = "[CP] Check Pods Manifest.lock";
			outputFileListPaths = (
			);
			outputPaths = (
				"$(DERIVED_FILE_DIR)/Pods-Sentence Repeater-checkManifestLockResult.txt",
			);
			runOnlyForDeploymentPostprocessing = 0;
			shellPath = /bin/sh;
			shellScript = "diff \"${PODS_PODFILE_DIR_PATH}/Podfile.lock\" \"${PODS_ROOT}/Manifest.lock\" > /dev/null\nif [ $? != 0 ] ; then\n    # print error to STDERR\n    echo \"error: The sandbox is not in sync with the Podfile.lock. Run 'pod install' or update your CocoaPods installation.\" >&2\n    exit 1\nfi\n# This output is used by Xcode 'outputs' to avoid re-running this script phase.\necho \"SUCCESS\" > \"${SCRIPT_OUTPUT_FILE_0}\"\n";
			showEnvVarsInLog = 0;
		};
		4ECBEA422155F40C6FF23900 /* [CP] Check Pods Manifest.lock */ = {
			isa = PBXShellScriptBuildPhase;
			buildActionMask = 2147483647;
			files = (
			);
			inputFileListPaths = (
			);
			inputPaths = (
				"${PODS_PODFILE_DIR_PATH}/Podfile.lock",
				"${PODS_ROOT}/Manifest.lock",
			);
			name = "[CP] Check Pods Manifest.lock";
			outputFileListPaths = (
			);
			outputPaths = (
				"$(DERIVED_FILE_DIR)/Pods-Sentence Repeater-Sentence RepeaterUITests-checkManifestLockResult.txt",
			);
			runOnlyForDeploymentPostprocessing = 0;
			shellPath = /bin/sh;
			shellScript = "diff \"${PODS_PODFILE_DIR_PATH}/Podfile.lock\" \"${PODS_ROOT}/Manifest.lock\" > /dev/null\nif [ $? != 0 ] ; then\n    # print error to STDERR\n    echo \"error: The sandbox is not in sync with the Podfile.lock. Run 'pod install' or update your CocoaPods installation.\" >&2\n    exit 1\nfi\n# This output is used by Xcode 'outputs' to avoid re-running this script phase.\necho \"SUCCESS\" > \"${SCRIPT_OUTPUT_FILE_0}\"\n";
			showEnvVarsInLog = 0;
		};
		7AF55757A0858F037AC54E73 /* [CP] Embed Pods Frameworks */ = {
			isa = PBXShellScriptBuildPhase;
			buildActionMask = 2147483647;
			files = (
			);
			inputFileListPaths = (
				"${PODS_ROOT}/Target Support Files/Pods-Sentence Repeater-Sentence RepeaterUITests/Pods-Sentence Repeater-Sentence RepeaterUITests-frameworks-${CONFIGURATION}-input-files.xcfilelist",
			);
			name = "[CP] Embed Pods Frameworks";
			outputFileListPaths = (
				"${PODS_ROOT}/Target Support Files/Pods-Sentence Repeater-Sentence RepeaterUITests/Pods-Sentence Repeater-Sentence RepeaterUITests-frameworks-${CONFIGURATION}-output-files.xcfilelist",
			);
			runOnlyForDeploymentPostprocessing = 0;
			shellPath = /bin/sh;
			shellScript = "\"${PODS_ROOT}/Target Support Files/Pods-Sentence Repeater-Sentence RepeaterUITests/Pods-Sentence Repeater-Sentence RepeaterUITests-frameworks.sh\"\n";
			showEnvVarsInLog = 0;
		};
		8D8CCA50687B794F4F58876C /* [CP] Check Pods Manifest.lock */ = {
			isa = PBXShellScriptBuildPhase;
			buildActionMask = 2147483647;
			files = (
			);
			inputFileListPaths = (
			);
			inputPaths = (
				"${PODS_PODFILE_DIR_PATH}/Podfile.lock",
				"${PODS_ROOT}/Manifest.lock",
			);
			name = "[CP] Check Pods Manifest.lock";
			outputFileListPaths = (
			);
			outputPaths = (
				"$(DERIVED_FILE_DIR)/Pods-Sentence RepeaterTests-checkManifestLockResult.txt",
			);
			runOnlyForDeploymentPostprocessing = 0;
			shellPath = /bin/sh;
			shellScript = "diff \"${PODS_PODFILE_DIR_PATH}/Podfile.lock\" \"${PODS_ROOT}/Manifest.lock\" > /dev/null\nif [ $? != 0 ] ; then\n    # print error to STDERR\n    echo \"error: The sandbox is not in sync with the Podfile.lock. Run 'pod install' or update your CocoaPods installation.\" >&2\n    exit 1\nfi\n# This output is used by Xcode 'outputs' to avoid re-running this script phase.\necho \"SUCCESS\" > \"${SCRIPT_OUTPUT_FILE_0}\"\n";
			showEnvVarsInLog = 0;
		};
		A1AA59F2D0A85B6344C3C002 /* [CP] Embed Pods Frameworks */ = {
			isa = PBXShellScriptBuildPhase;
			buildActionMask = 2147483647;
			files = (
			);
			inputFileListPaths = (
				"${PODS_ROOT}/Target Support Files/Pods-Sentence Repeater/Pods-Sentence Repeater-frameworks-${CONFIGURATION}-input-files.xcfilelist",
			);
			name = "[CP] Embed Pods Frameworks";
			outputFileListPaths = (
				"${PODS_ROOT}/Target Support Files/Pods-Sentence Repeater/Pods-Sentence Repeater-frameworks-${CONFIGURATION}-output-files.xcfilelist",
			);
			runOnlyForDeploymentPostprocessing = 0;
			shellPath = /bin/sh;
			shellScript = "\"${PODS_ROOT}/Target Support Files/Pods-Sentence Repeater/Pods-Sentence Repeater-frameworks.sh\"\n";
			showEnvVarsInLog = 0;
		};
/* End PBXShellScriptBuildPhase section */

/* Begin PBXSourcesBuildPhase section */
		22C5F7932932ADC700F96E78 /* Sources */ = {
			isa = PBXSourcesBuildPhase;
			buildActionMask = 2147483647;
			files = (
				227BA1F029344FF6009694D9 /* fetch_voice_from_apple_synthesis_workflow.swift in Sources */,
				228969C52932C66600E0AA51 /* Language_Change_List_UI.swift in Sources */,
				228969C12932BF6E00E0AA51 /* Sentence_Content_UI.swift in Sources */,
				22C5F79B2932ADC700F96E78 /* Sentence_RepeaterApp.swift in Sources */,
				22870F6929334D3100688BF9 /* fetch_voice_from_azure_workflow.swift in Sources */,
				228969C72932E1FF00E0AA51 /* Control_Buttons_UI.swift in Sources */,
			);
			runOnlyForDeploymentPostprocessing = 0;
		};
		22C5F7A32932ADCA00F96E78 /* Sources */ = {
			isa = PBXSourcesBuildPhase;
			buildActionMask = 2147483647;
			files = (
				22C5F7AC2932ADCA00F96E78 /* Sentence_RepeaterTests.swift in Sources */,
			);
			runOnlyForDeploymentPostprocessing = 0;
		};
		22C5F7AD2932ADCA00F96E78 /* Sources */ = {
			isa = PBXSourcesBuildPhase;
			buildActionMask = 2147483647;
			files = (
				22C5F7B62932ADCA00F96E78 /* Sentence_RepeaterUITests.swift in Sources */,
				22C5F7B82932ADCA00F96E78 /* Sentence_RepeaterUITestsLaunchTests.swift in Sources */,
			);
			runOnlyForDeploymentPostprocessing = 0;
		};
/* End PBXSourcesBuildPhase section */

/* Begin PBXTargetDependency section */
		22C5F7A92932ADCA00F96E78 /* PBXTargetDependency */ = {
			isa = PBXTargetDependency;
			target = 22C5F7962932ADC700F96E78 /* Sentence Repeater */;
			targetProxy = 22C5F7A82932ADCA00F96E78 /* PBXContainerItemProxy */;
		};
		22C5F7B32932ADCA00F96E78 /* PBXTargetDependency */ = {
			isa = PBXTargetDependency;
			target = 22C5F7962932ADC700F96E78 /* Sentence Repeater */;
			targetProxy = 22C5F7B22932ADCA00F96E78 /* PBXContainerItemProxy */;
		};
/* End PBXTargetDependency section */

/* Begin XCBuildConfiguration section */
		22C5F7B92932ADCA00F96E78 /* Debug */ = {
			isa = XCBuildConfiguration;
			buildSettings = {
				ALWAYS_SEARCH_USER_PATHS = NO;
				CLANG_ANALYZER_NONNULL = YES;
				CLANG_ANALYZER_NUMBER_OBJECT_CONVERSION = YES_AGGRESSIVE;
				CLANG_CXX_LANGUAGE_STANDARD = "gnu++20";
				CLANG_ENABLE_MODULES = YES;
				CLANG_ENABLE_OBJC_ARC = YES;
				CLANG_ENABLE_OBJC_WEAK = YES;
				CLANG_WARN_BLOCK_CAPTURE_AUTORELEASING = YES;
				CLANG_WARN_BOOL_CONVERSION = YES;
				CLANG_WARN_COMMA = YES;
				CLANG_WARN_CONSTANT_CONVERSION = YES;
				CLANG_WARN_DEPRECATED_OBJC_IMPLEMENTATIONS = YES;
				CLANG_WARN_DIRECT_OBJC_ISA_USAGE = YES_ERROR;
				CLANG_WARN_DOCUMENTATION_COMMENTS = YES;
				CLANG_WARN_EMPTY_BODY = YES;
				CLANG_WARN_ENUM_CONVERSION = YES;
				CLANG_WARN_INFINITE_RECURSION = YES;
				CLANG_WARN_INT_CONVERSION = YES;
				CLANG_WARN_NON_LITERAL_NULL_CONVERSION = YES;
				CLANG_WARN_OBJC_IMPLICIT_RETAIN_SELF = YES;
				CLANG_WARN_OBJC_LITERAL_CONVERSION = YES;
				CLANG_WARN_OBJC_ROOT_CLASS = YES_ERROR;
				CLANG_WARN_QUOTED_INCLUDE_IN_FRAMEWORK_HEADER = YES;
				CLANG_WARN_RANGE_LOOP_ANALYSIS = YES;
				CLANG_WARN_STRICT_PROTOTYPES = YES;
				CLANG_WARN_SUSPICIOUS_MOVE = YES;
				CLANG_WARN_UNGUARDED_AVAILABILITY = YES_AGGRESSIVE;
				CLANG_WARN_UNREACHABLE_CODE = YES;
				CLANG_WARN__DUPLICATE_METHOD_MATCH = YES;
				COPY_PHASE_STRIP = NO;
				DEBUG_INFORMATION_FORMAT = dwarf;
				ENABLE_STRICT_OBJC_MSGSEND = YES;
				ENABLE_TESTABILITY = YES;
				GCC_C_LANGUAGE_STANDARD = gnu11;
				GCC_DYNAMIC_NO_PIC = NO;
				GCC_NO_COMMON_BLOCKS = YES;
				GCC_OPTIMIZATION_LEVEL = 0;
				GCC_PREPROCESSOR_DEFINITIONS = (
					"DEBUG=1",
					"$(inherited)",
				);
				GCC_WARN_64_TO_32_BIT_CONVERSION = YES;
				GCC_WARN_ABOUT_RETURN_TYPE = YES_ERROR;
				GCC_WARN_UNDECLARED_SELECTOR = YES;
				GCC_WARN_UNINITIALIZED_AUTOS = YES_AGGRESSIVE;
				GCC_WARN_UNUSED_FUNCTION = YES;
				GCC_WARN_UNUSED_VARIABLE = YES;
				IPHONEOS_DEPLOYMENT_TARGET = 16.1;
				MTL_ENABLE_DEBUG_INFO = INCLUDE_SOURCE;
				MTL_FAST_MATH = YES;
				ONLY_ACTIVE_ARCH = YES;
				SDKROOT = iphoneos;
				SWIFT_ACTIVE_COMPILATION_CONDITIONS = DEBUG;
				SWIFT_OPTIMIZATION_LEVEL = "-Onone";
			};
			name = Debug;
		};
		22C5F7BA2932ADCA00F96E78 /* Release */ = {
			isa = XCBuildConfiguration;
			buildSettings = {
				ALWAYS_SEARCH_USER_PATHS = NO;
				CLANG_ANALYZER_NONNULL = YES;
				CLANG_ANALYZER_NUMBER_OBJECT_CONVERSION = YES_AGGRESSIVE;
				CLANG_CXX_LANGUAGE_STANDARD = "gnu++20";
				CLANG_ENABLE_MODULES = YES;
				CLANG_ENABLE_OBJC_ARC = YES;
				CLANG_ENABLE_OBJC_WEAK = YES;
				CLANG_WARN_BLOCK_CAPTURE_AUTORELEASING = YES;
				CLANG_WARN_BOOL_CONVERSION = YES;
				CLANG_WARN_COMMA = YES;
				CLANG_WARN_CONSTANT_CONVERSION = YES;
				CLANG_WARN_DEPRECATED_OBJC_IMPLEMENTATIONS = YES;
				CLANG_WARN_DIRECT_OBJC_ISA_USAGE = YES_ERROR;
				CLANG_WARN_DOCUMENTATION_COMMENTS = YES;
				CLANG_WARN_EMPTY_BODY = YES;
				CLANG_WARN_ENUM_CONVERSION = YES;
				CLANG_WARN_INFINITE_RECURSION = YES;
				CLANG_WARN_INT_CONVERSION = YES;
				CLANG_WARN_NON_LITERAL_NULL_CONVERSION = YES;
				CLANG_WARN_OBJC_IMPLICIT_RETAIN_SELF = YES;
				CLANG_WARN_OBJC_LITERAL_CONVERSION = YES;
				CLANG_WARN_OBJC_ROOT_CLASS = YES_ERROR;
				CLANG_WARN_QUOTED_INCLUDE_IN_FRAMEWORK_HEADER = YES;
				CLANG_WARN_RANGE_LOOP_ANALYSIS = YES;
				CLANG_WARN_STRICT_PROTOTYPES = YES;
				CLANG_WARN_SUSPICIOUS_MOVE = YES;
				CLANG_WARN_UNGUARDED_AVAILABILITY = YES_AGGRESSIVE;
				CLANG_WARN_UNREACHABLE_CODE = YES;
				CLANG_WARN__DUPLICATE_METHOD_MATCH = YES;
				COPY_PHASE_STRIP = NO;
				DEBUG_INFORMATION_FORMAT = "dwarf-with-dsym";
				ENABLE_NS_ASSERTIONS = NO;
				ENABLE_STRICT_OBJC_MSGSEND = YES;
				GCC_C_LANGUAGE_STANDARD = gnu11;
				GCC_NO_COMMON_BLOCKS = YES;
				GCC_WARN_64_TO_32_BIT_CONVERSION = YES;
				GCC_WARN_ABOUT_RETURN_TYPE = YES_ERROR;
				GCC_WARN_UNDECLARED_SELECTOR = YES;
				GCC_WARN_UNINITIALIZED_AUTOS = YES_AGGRESSIVE;
				GCC_WARN_UNUSED_FUNCTION = YES;
				GCC_WARN_UNUSED_VARIABLE = YES;
				IPHONEOS_DEPLOYMENT_TARGET = 16.1;
				MTL_ENABLE_DEBUG_INFO = NO;
				MTL_FAST_MATH = YES;
				SDKROOT = iphoneos;
				SWIFT_COMPILATION_MODE = wholemodule;
				SWIFT_OPTIMIZATION_LEVEL = "-O";
				VALIDATE_PRODUCT = YES;
			};
			name = Release;
		};
		22C5F7BC2932ADCA00F96E78 /* Debug */ = {
			isa = XCBuildConfiguration;
			baseConfigurationReference = E7BF94D50334678754A456E7 /* Pods-Sentence Repeater.debug.xcconfig */;
			buildSettings = {
				ASSETCATALOG_COMPILER_APPICON_NAME = AppIcon;
				ASSETCATALOG_COMPILER_GLOBAL_ACCENT_COLOR_NAME = AccentColor;
				CODE_SIGN_STYLE = Automatic;
				CURRENT_PROJECT_VERSION = 1;
				DEVELOPMENT_ASSET_PATHS = "\"Sentence Repeater/Preview Content\"";
				DEVELOPMENT_TEAM = 56N32SYKZ2;
				ENABLE_PREVIEWS = YES;
				GENERATE_INFOPLIST_FILE = YES;
				INFOPLIST_KEY_UIApplicationSceneManifest_Generation = YES;
				INFOPLIST_KEY_UIApplicationSupportsIndirectInputEvents = YES;
				INFOPLIST_KEY_UILaunchScreen_Generation = YES;
				INFOPLIST_KEY_UISupportedInterfaceOrientations_iPad = "UIInterfaceOrientationPortrait UIInterfaceOrientationPortraitUpsideDown UIInterfaceOrientationLandscapeLeft UIInterfaceOrientationLandscapeRight";
				INFOPLIST_KEY_UISupportedInterfaceOrientations_iPhone = "UIInterfaceOrientationPortrait UIInterfaceOrientationLandscapeLeft UIInterfaceOrientationLandscapeRight";
				LD_RUNPATH_SEARCH_PATHS = (
					"$(inherited)",
					"@executable_path/Frameworks",
				);
				MARKETING_VERSION = 1.0;
				PRODUCT_BUNDLE_IDENTIFIER = "com.terrysoki.SentenceRepeter.Sentence-Repeater";
				PRODUCT_NAME = "$(TARGET_NAME)";
				SWIFT_EMIT_LOC_STRINGS = YES;
				SWIFT_VERSION = 5.0;
				TARGETED_DEVICE_FAMILY = "1,2";
			};
			name = Debug;
		};
		22C5F7BD2932ADCA00F96E78 /* Release */ = {
			isa = XCBuildConfiguration;
			baseConfigurationReference = 51804696F39A59FDD82A8BA1 /* Pods-Sentence Repeater.release.xcconfig */;
			buildSettings = {
				ASSETCATALOG_COMPILER_APPICON_NAME = AppIcon;
				ASSETCATALOG_COMPILER_GLOBAL_ACCENT_COLOR_NAME = AccentColor;
				CODE_SIGN_STYLE = Automatic;
				CURRENT_PROJECT_VERSION = 1;
				DEVELOPMENT_ASSET_PATHS = "\"Sentence Repeater/Preview Content\"";
				DEVELOPMENT_TEAM = 56N32SYKZ2;
				ENABLE_PREVIEWS = YES;
				GENERATE_INFOPLIST_FILE = YES;
				INFOPLIST_KEY_UIApplicationSceneManifest_Generation = YES;
				INFOPLIST_KEY_UIApplicationSupportsIndirectInputEvents = YES;
				INFOPLIST_KEY_UILaunchScreen_Generation = YES;
				INFOPLIST_KEY_UISupportedInterfaceOrientations_iPad = "UIInterfaceOrientationPortrait UIInterfaceOrientationPortraitUpsideDown UIInterfaceOrientationLandscapeLeft UIInterfaceOrientationLandscapeRight";
				INFOPLIST_KEY_UISupportedInterfaceOrientations_iPhone = "UIInterfaceOrientationPortrait UIInterfaceOrientationLandscapeLeft UIInterfaceOrientationLandscapeRight";
				LD_RUNPATH_SEARCH_PATHS = (
					"$(inherited)",
					"@executable_path/Frameworks",
				);
				MARKETING_VERSION = 1.0;
				PRODUCT_BUNDLE_IDENTIFIER = "com.terrysoki.SentenceRepeter.Sentence-Repeater";
				PRODUCT_NAME = "$(TARGET_NAME)";
				SWIFT_EMIT_LOC_STRINGS = YES;
				SWIFT_VERSION = 5.0;
				TARGETED_DEVICE_FAMILY = "1,2";
			};
			name = Release;
		};
		22C5F7BF2932ADCA00F96E78 /* Debug */ = {
			isa = XCBuildConfiguration;
			baseConfigurationReference = 1C341959F2FDE25D3BB91346 /* Pods-Sentence RepeaterTests.debug.xcconfig */;
			buildSettings = {
				ALWAYS_EMBED_SWIFT_STANDARD_LIBRARIES = YES;
				BUNDLE_LOADER = "$(TEST_HOST)";
				CODE_SIGN_STYLE = Automatic;
				CURRENT_PROJECT_VERSION = 1;
				DEVELOPMENT_TEAM = 56N32SYKZ2;
				GENERATE_INFOPLIST_FILE = YES;
				IPHONEOS_DEPLOYMENT_TARGET = 16.1;
				MARKETING_VERSION = 1.0;
				PRODUCT_BUNDLE_IDENTIFIER = "com.terrysoki.SentenceRepeter.Sentence-RepeaterTests";
				PRODUCT_NAME = "$(TARGET_NAME)";
				SWIFT_EMIT_LOC_STRINGS = NO;
				SWIFT_VERSION = 5.0;
				TARGETED_DEVICE_FAMILY = "1,2";
				TEST_HOST = "$(BUILT_PRODUCTS_DIR)/Sentence Repeater.app/$(BUNDLE_EXECUTABLE_FOLDER_PATH)/Sentence Repeater";
			};
			name = Debug;
		};
		22C5F7C02932ADCA00F96E78 /* Release */ = {
			isa = XCBuildConfiguration;
			baseConfigurationReference = 1BF48F7844068DD7208495B0 /* Pods-Sentence RepeaterTests.release.xcconfig */;
			buildSettings = {
				ALWAYS_EMBED_SWIFT_STANDARD_LIBRARIES = YES;
				BUNDLE_LOADER = "$(TEST_HOST)";
				CODE_SIGN_STYLE = Automatic;
				CURRENT_PROJECT_VERSION = 1;
				DEVELOPMENT_TEAM = 56N32SYKZ2;
				GENERATE_INFOPLIST_FILE = YES;
				IPHONEOS_DEPLOYMENT_TARGET = 16.1;
				MARKETING_VERSION = 1.0;
				PRODUCT_BUNDLE_IDENTIFIER = "com.terrysoki.SentenceRepeter.Sentence-RepeaterTests";
				PRODUCT_NAME = "$(TARGET_NAME)";
				SWIFT_EMIT_LOC_STRINGS = NO;
				SWIFT_VERSION = 5.0;
				TARGETED_DEVICE_FAMILY = "1,2";
				TEST_HOST = "$(BUILT_PRODUCTS_DIR)/Sentence Repeater.app/$(BUNDLE_EXECUTABLE_FOLDER_PATH)/Sentence Repeater";
			};
			name = Release;
		};
		22C5F7C22932ADCA00F96E78 /* Debug */ = {
			isa = XCBuildConfiguration;
			baseConfigurationReference = 1E664407B2D2153069577125 /* Pods-Sentence Repeater-Sentence RepeaterUITests.debug.xcconfig */;
			buildSettings = {
				ALWAYS_EMBED_SWIFT_STANDARD_LIBRARIES = YES;
				CODE_SIGN_STYLE = Automatic;
				CURRENT_PROJECT_VERSION = 1;
				DEVELOPMENT_TEAM = 56N32SYKZ2;
				GENERATE_INFOPLIST_FILE = YES;
				MARKETING_VERSION = 1.0;
				PRODUCT_BUNDLE_IDENTIFIER = "com.terrysoki.SentenceRepeter.Sentence-RepeaterUITests";
				PRODUCT_NAME = "$(TARGET_NAME)";
				SWIFT_EMIT_LOC_STRINGS = NO;
				SWIFT_VERSION = 5.0;
				TARGETED_DEVICE_FAMILY = "1,2";
				TEST_TARGET_NAME = "Sentence Repeater";
			};
			name = Debug;
		};
		22C5F7C32932ADCA00F96E78 /* Release */ = {
			isa = XCBuildConfiguration;
			baseConfigurationReference = 241128CADF21AC5A9903048E /* Pods-Sentence Repeater-Sentence RepeaterUITests.release.xcconfig */;
			buildSettings = {
				ALWAYS_EMBED_SWIFT_STANDARD_LIBRARIES = YES;
				CODE_SIGN_STYLE = Automatic;
				CURRENT_PROJECT_VERSION = 1;
				DEVELOPMENT_TEAM = 56N32SYKZ2;
				GENERATE_INFOPLIST_FILE = YES;
				MARKETING_VERSION = 1.0;
				PRODUCT_BUNDLE_IDENTIFIER = "com.terrysoki.SentenceRepeter.Sentence-RepeaterUITests";
				PRODUCT_NAME = "$(TARGET_NAME)";
				SWIFT_EMIT_LOC_STRINGS = NO;
				SWIFT_VERSION = 5.0;
				TARGETED_DEVICE_FAMILY = "1,2";
				TEST_TARGET_NAME = "Sentence Repeater";
			};
			name = Release;
		};
/* End XCBuildConfiguration section */

/* Begin XCConfigurationList section */
		22C5F7922932ADC700F96E78 /* Build configuration list for PBXProject "Sentence Repeater" */ = {
			isa = XCConfigurationList;
			buildConfigurations = (
				22C5F7B92932ADCA00F96E78 /* Debug */,
				22C5F7BA2932ADCA00F96E78 /* Release */,
			);
			defaultConfigurationIsVisible = 0;
			defaultConfigurationName = Release;
		};
		22C5F7BB2932ADCA00F96E78 /* Build configuration list for PBXNativeTarget "Sentence Repeater" */ = {
			isa = XCConfigurationList;
			buildConfigurations = (
				22C5F7BC2932ADCA00F96E78 /* Debug */,
				22C5F7BD2932ADCA00F96E78 /* Release */,
			);
			defaultConfigurationIsVisible = 0;
			defaultConfigurationName = Release;
		};
		22C5F7BE2932ADCA00F96E78 /* Build configuration list for PBXNativeTarget "Sentence RepeaterTests" */ = {
			isa = XCConfigurationList;
			buildConfigurations = (
				22C5F7BF2932ADCA00F96E78 /* Debug */,
				22C5F7C02932ADCA00F96E78 /* Release */,
			);
			defaultConfigurationIsVisible = 0;
			defaultConfigurationName = Release;
		};
		22C5F7C12932ADCA00F96E78 /* Build configuration list for PBXNativeTarget "Sentence RepeaterUITests" */ = {
			isa = XCConfigurationList;
			buildConfigurations = (
				22C5F7C22932ADCA00F96E78 /* Debug */,
				22C5F7C32932ADCA00F96E78 /* Release */,
			);
			defaultConfigurationIsVisible = 0;
			defaultConfigurationName = Release;
		};
/* End XCConfigurationList section */
	};
	rootObject = 22C5F78F2932ADC700F96E78 /* Project object */;
}
